
Microsoft Visual Studio Solution File, Format Version 12.00
# Visual Studio 2012
Project("{FAE04EC0-301F-11D3-BF4B-00C04F79EFBC}") = "Empleado", "Empleado.csproj", "{A64A4450-B56D-4BEF-A7DF-F9ACE526C2A0}"
EndProject
Project("{FAE04EC0-301F-11D3-BF4B-00C04F79EFBC}") = "Empleado.iOS", "Empleado.iOS\Empleado.iOS.csproj", "{42DE5F0C-14DB-4866-8B41-F01B8C512BA6}"
EndProject
Project("{FAE04EC0-301F-11D3-BF4B-00C04F79EFBC}") = "Empleado.Droid", "Empleado.Droid\Empleado.Droid.csproj", "{AAC4E830-E957-4F9A-9164-468C3757C324}"
EndProject
Global
	GlobalSection(SolutionConfigurationPlatforms) = preSolution
		Debug|Any CPU = Debug|Any CPU
		Release|Any CPU = Release|Any CPU
		Debug|iPhoneSimulator = Debug|iPhoneSimulator
		Release|iPhone = Release|iPhone
		Release|iPhoneSimulator = Release|iPhoneSimulator
		Debug|iPhone = Debug|iPhone
	EndGlobalSection
	GlobalSection(ProjectConfigurationPlatforms) = postSolution
		{A64A4450-B56D-4BEF-A7DF-F9ACE526C2A0}.Debug|Any CPU.ActiveCfg = Debug|Any CPU
		{A64A4450-B56D-4BEF-A7DF-F9ACE526C2A0}.Debug|Any CPU.Build.0 = Debug|Any CPU
		{A64A4450-B56D-4BEF-A7DF-F9ACE526C2A0}.Release|Any CPU.ActiveCfg = Release|Any CPU
		{A64A4450-B56D-4BEF-A7DF-F9ACE526C2A0}.Release|Any CPU.Build.0 = Release|Any CPU
		{A64A4450-B56D-4BEF-A7DF-F9ACE526C2A0}.Debug|iPhoneSimulator.ActiveCfg = Debug|Any CPU
		{A64A4450-B56D-4BEF-A7DF-F9ACE526C2A0}.Debug|iPhoneSimulator.Build.0 = Debug|Any CPU
		{A64A4450-B56D-4BEF-A7DF-F9ACE526C2A0}.Release|iPhone.ActiveCfg = Release|Any CPU
		{A64A4450-B56D-4BEF-A7DF-F9ACE526C2A0}.Release|iPhone.Build.0 = Release|Any CPU
		{A64A4450-B56D-4BEF-A7DF-F9ACE526C2A0}.Release|iPhoneSimulator.ActiveCfg = Release|Any CPU
		{A64A4450-B56D-4BEF-A7DF-F9ACE526C2A0}.Release|iPhoneSimulator.Build.0 = Release|Any CPU
		{A64A4450-B56D-4BEF-A7DF-F9ACE526C2A0}.Debug|iPhone.ActiveCfg = Debug|Any CPU
		{A64A4450-B56D-4BEF-A7DF-F9ACE526C2A0}.Debug|iPhone.Build.0 = Debug|Any CPU
		{42DE5F0C-14DB-4866-8B41-F01B8C512BA6}.Debug|Any CPU.ActiveCfg = Debug|iPhoneSimulator
		{42DE5F0C-14DB-4866-8B41-F01B8C512BA6}.Debug|Any CPU.Build.0 = Debug|iPhoneSimulator
		{42DE5F0C-14DB-4866-8B41-F01B8C512BA6}.Release|Any CPU.ActiveCfg = Release|iPhone
		{42DE5F0C-14DB-4866-8B41-F01B8C512BA6}.Release|Any CPU.Build.0 = Release|iPhone
		{42DE5F0C-14DB-4866-8B41-F01B8C512BA6}.Debug|iPhoneSimulator.ActiveCfg = Debug|iPhoneSimulator
		{42DE5F0C-14DB-4866-8B41-F01B8C512BA6}.Debug|iPhoneSimulator.Build.0 = Debug|iPhoneSimulator
		{42DE5F0C-14DB-4866-8B41-F01B8C512BA6}.Release|iPhone.ActiveCfg = Release|iPhone
		{42DE5F0C-14DB-4866-8B41-F01B8C512BA6}.Release|iPhone.Build.0 = Release|iPhone
		{42DE5F0C-14DB-4866-8B41-F01B8C512BA6}.Release|iPhoneSimulator.ActiveCfg = Release|iPhoneSimulator
		{42DE5F0C-14DB-4866-8B41-F01B8C512BA6}.Release|iPhoneSimulator.Build.0 = Release|iPhoneSimulator
		{42DE5F0C-14DB-4866-8B41-F01B8C512BA6}.Debug|iPhone.ActiveCfg = Debug|iPhone
		{42DE5F0C-14DB-4866-8B41-F01B8C512BA6}.Debug|iPhone.Build.0 = Debug|iPhone
		{AAC4E830-E957-4F9A-9164-468C3757C324}.Debug|Any CPU.ActiveCfg = Debug|Any CPU
		{AAC4E830-E957-4F9A-9164-468C3757C324}.Debug|Any CPU.Build.0 = Debug|Any CPU
		{AAC4E830-E957-4F9A-9164-468C3757C324}.Release|Any CPU.ActiveCfg = Release|Any CPU
		{AAC4E830-E957-4F9A-9164-468C3757C324}.Release|Any CPU.Build.0 = Release|Any CPU
		{AAC4E830-E957-4F9A-9164-468C3757C324}.Debug|iPhoneSimulator.ActiveCfg = Debug|Any CPU
		{AAC4E830-E957-4F9A-9164-468C3757C324}.Debug|iPhoneSimulator.Build.0 = Debug|Any CPU
		{AAC4E830-E957-4F9A-9164-468C3757C324}.Release|iPhone.ActiveCfg = Release|Any CPU
		{AAC4E830-E957-4F9A-9164-468C3757C324}.Release|iPhone.Build.0 = Release|Any CPU
		{AAC4E830-E957-4F9A-9164-468C3757C324}.Release|iPhoneSimulator.ActiveCfg = Release|Any CPU
		{AAC4E830-E957-4F9A-9164-468C3757C324}.Release|iPhoneSimulator.Build.0 = Release|Any CPU
		{AAC4E830-E957-4F9A-9164-468C3757C324}.Debug|iPhone.ActiveCfg = Debug|Any CPU
		{AAC4E830-E957-4F9A-9164-468C3757C324}.Debug|iPhone.Build.0 = Debug|Any CPU
	EndGlobalSection
EndGlobal
